// !$*UTF8*$!
{
	archiveVersion = 1;
	classes = {
	};
	objectVersion = 50;
	objects = {

/* Begin PBXBuildFile section */
		A432D4A7240AB0B60008531B /* AppDelegate.swift in Sources */ = {isa = PBXBuildFile; fileRef = A432D4A6240AB0B60008531B /* AppDelegate.swift */; };
		A432D4A9240AB0B60008531B /* SceneDelegate.swift in Sources */ = {isa = PBXBuildFile; fileRef = A432D4A8240AB0B60008531B /* SceneDelegate.swift */; };
		A432D4AB240AB0B60008531B /* ViewController.swift in Sources */ = {isa = PBXBuildFile; fileRef = A432D4AA240AB0B60008531B /* ViewController.swift */; };
		A432D4AE240AB0B60008531B /* Main.storyboard in Resources */ = {isa = PBXBuildFile; fileRef = A432D4AC240AB0B60008531B /* Main.storyboard */; };
		A432D4B0240AB0BD0008531B /* Assets.xcassets in Resources */ = {isa = PBXBuildFile; fileRef = A432D4AF240AB0BD0008531B /* Assets.xcassets */; };
		A432D4B3240AB0BD0008531B /* LaunchScreen.storyboard in Resources */ = {isa = PBXBuildFile; fileRef = A432D4B1240AB0BD0008531B /* LaunchScreen.storyboard */; };
		A432D4BE240AB0BD0008531B /* HelloWorldTests.swift in Sources */ = {isa = PBXBuildFile; fileRef = A432D4BD240AB0BD0008531B /* HelloWorldTests.swift */; };
		A432D4C9240AB0BD0008531B /* HelloWorldUITests.swift in Sources */ = {isa = PBXBuildFile; fileRef = A432D4C8240AB0BD0008531B /* HelloWorldUITests.swift */; };
/* End PBXBuildFile section */

/* Begin PBXContainerItemProxy section */
		A432D4BA240AB0BD0008531B /* PBXContainerItemProxy */ = {
			isa = PBXContainerItemProxy;
			containerPortal = A432D49B240AB0B50008531B /* Project object */;
			proxyType = 1;
			remoteGlobalIDString = A432D4A2240AB0B50008531B;
			remoteInfo = HelloWorld;
		};
		A432D4C5240AB0BD0008531B /* PBXContainerItemProxy */ = {
			isa = PBXContainerItemProxy;
			containerPortal = A432D49B240AB0B50008531B /* Project object */;
			proxyType = 1;
			remoteGlobalIDString = A432D4A2240AB0B50008531B;
			remoteInfo = HelloWorld;
		};
/* End PBXContainerItemProxy section */

/* Begin PBXFileReference section */
		A432D4A3240AB0B50008531B /* HelloWorld.app */ = {isa = PBXFileReference; explicitFileType = wrapper.application; includeInIndex = 0; path = HelloWorld.app; sourceTree = BUILT_PRODUCTS_DIR; };
		A432D4A6240AB0B60008531B /* AppDelegate.swift */ = {isa = PBXFileReference; lastKnownFileType = sourcecode.swift; path = AppDelegate.swift; sourceTree = "<group>"; };
		A432D4A8240AB0B60008531B /* SceneDelegate.swift */ = {isa = PBXFileReference; lastKnownFileType = sourcecode.swift; path = SceneDelegate.swift; sourceTree = "<group>"; };
		A432D4AA240AB0B60008531B /* ViewController.swift */ = {isa = PBXFileReference; lastKnownFileType = sourcecode.swift; path = ViewController.swift; sourceTree = "<group>"; };
		A432D4AD240AB0B60008531B /* Base */ = {isa = PBXFileReference; lastKnownFileType = file.storyboard; name = Base; path = Base.lproj/Main.storyboard; sourceTree = "<group>"; };
		A432D4AF240AB0BD0008531B /* Assets.xcassets */ = {isa = PBXFileReference; lastKnownFileType = folder.assetcatalog; path = Assets.xcassets; sourceTree = "<group>"; };
		A432D4B2240AB0BD0008531B /* Base */ = {isa = PBXFileReference; lastKnownFileType = file.storyboard; name = Base; path = Base.lproj/LaunchScreen.storyboard; sourceTree = "<group>"; };
		A432D4B4240AB0BD0008531B /* Info.plist */ = {isa = PBXFileReference; lastKnownFileType = text.plist.xml; path = Info.plist; sourceTree = "<group>"; };
		A432D4B9240AB0BD0008531B /* HelloWorldTests.xctest */ = {isa = PBXFileReference; explicitFileType = wrapper.cfbundle; includeInIndex = 0; path = HelloWorldTests.xctest; sourceTree = BUILT_PRODUCTS_DIR; };
		A432D4BD240AB0BD0008531B /* HelloWorldTests.swift */ = {isa = PBXFileReference; lastKnownFileType = sourcecode.swift; path = HelloWorldTests.swift; sourceTree = "<group>"; };
		A432D4BF240AB0BD0008531B /* Info.plist */ = {isa = PBXFileReference; lastKnownFileType = text.plist.xml; path = Info.plist; sourceTree = "<group>"; };
		A432D4C4240AB0BD0008531B /* HelloWorldUITests.xctest */ = {isa = PBXFileReference; explicitFileType = wrapper.cfbundle; includeInIndex = 0; path = HelloWorldUITests.xctest; sourceTree = BUILT_PRODUCTS_DIR; };
		A432D4C8240AB0BD0008531B /* HelloWorldUITests.swift */ = {isa = PBXFileReference; lastKnownFileType = sourcecode.swift; path = HelloWorldUITests.swift; sourceTree = "<group>"; };
		A432D4CA240AB0BD0008531B /* Info.plist */ = {isa = PBXFileReference; lastKnownFileType = text.plist.xml; path = Info.plist; sourceTree = "<group>"; };
/* End PBXFileReference section */

/* Begin PBXFrameworksBuildPhase section */
		A432D4A0240AB0B50008531B /* Frameworks */ = {
			isa = PBXFrameworksBuildPhase;
			buildActionMask = 2147483647;
			files = (
			);
			runOnlyForDeploymentPostprocessing = 0;
		};
		A432D4B6240AB0BD0008531B /* Frameworks */ = {
			isa = PBXFrameworksBuildPhase;
			buildActionMask = 2147483647;
			files = (
			);
			runOnlyForDeploymentPostprocessing = 0;
		};
		A432D4C1240AB0BD0008531B /* Frameworks */ = {
			isa = PBXFrameworksBuildPhase;
			buildActionMask = 2147483647;
			files = (
			);
			runOnlyForDeploymentPostprocessing = 0;
		};
/* End PBXFrameworksBuildPhase section */

/* Begin PBXGroup section */
		A432D49A240AB0B50008531B = {
			isa = PBXGroup;
			children = (
				A432D4A5240AB0B50008531B /* HelloWorld */,
				A432D4BC240AB0BD0008531B /* HelloWorldTests */,
				A432D4C7240AB0BD0008531B /* HelloWorldUITests */,
				A432D4A4240AB0B50008531B /* Products */,
			);
			sourceTree = "<group>";
		};
		A432D4A4240AB0B50008531B /* Products */ = {
			isa = PBXGroup;
			children = (
				A432D4A3240AB0B50008531B /* HelloWorld.app */,
				A432D4B9240AB0BD0008531B /* HelloWorldTests.xctest */,
				A432D4C4240AB0BD0008531B /* HelloWorldUITests.xctest */,
			);
			name = Products;
			sourceTree = "<group>";
		};
		A432D4A5240AB0B50008531B /* HelloWorld */ = {
			isa = PBXGroup;
			children = (
				A432D4A6240AB0B60008531B /* AppDelegate.swift */,
				A432D4A8240AB0B60008531B /* SceneDelegate.swift */,
				A432D4AA240AB0B60008531B /* ViewController.swift */,
				A432D4AC240AB0B60008531B /* Main.storyboard */,
				A432D4AF240AB0BD0008531B /* Assets.xcassets */,
				A432D4B1240AB0BD0008531B /* LaunchScreen.storyboard */,
				A432D4B4240AB0BD0008531B /* Info.plist */,
			);
			path = HelloWorld;
			sourceTree = "<group>";
		};
		A432D4BC240AB0BD0008531B /* HelloWorldTests */ = {
			isa = PBXGroup;
			children = (
				A432D4BD240AB0BD0008531B /* HelloWorldTests.swift */,
				A432D4BF240AB0BD0008531B /* Info.plist */,
			);
			path = HelloWorldTests;
			sourceTree = "<group>";
		};
		A432D4C7240AB0BD0008531B /* HelloWorldUITests */ = {
			isa = PBXGroup;
			children = (
				A432D4C8240AB0BD0008531B /* HelloWorldUITests.swift */,
				A432D4CA240AB0BD0008531B /* Info.plist */,
			);
			path = HelloWorldUITests;
			sourceTree = "<group>";
		};
/* End PBXGroup section */

/* Begin PBXNativeTarget section */
		A432D4A2240AB0B50008531B /* HelloWorld */ = {
			isa = PBXNativeTarget;
			buildConfigurationList = A432D4CD240AB0BD0008531B /* Build configuration list for PBXNativeTarget "HelloWorld" */;
			buildPhases = (
				A432D49F240AB0B50008531B /* Sources */,
				A432D4A0240AB0B50008531B /* Frameworks */,
				A432D4A1240AB0B50008531B /* Resources */,
			);
			buildRules = (
			);
			dependencies = (
			);
			name = HelloWorld;
			productName = HelloWorld;
			productReference = A432D4A3240AB0B50008531B /* HelloWorld.app */;
			productType = "com.apple.product-type.application";
		};
		A432D4B8240AB0BD0008531B /* HelloWorldTests */ = {
			isa = PBXNativeTarget;
			buildConfigurationList = A432D4D0240AB0BD0008531B /* Build configuration list for PBXNativeTarget "HelloWorldTests" */;
			buildPhases = (
				A432D4B5240AB0BD0008531B /* Sources */,
				A432D4B6240AB0BD0008531B /* Frameworks */,
				A432D4B7240AB0BD0008531B /* Resources */,
			);
			buildRules = (
			);
			dependencies = (
				A432D4BB240AB0BD0008531B /* PBXTargetDependency */,
			);
			name = HelloWorldTests;
			productName = HelloWorldTests;
			productReference = A432D4B9240AB0BD0008531B /* HelloWorldTests.xctest */;
			productType = "com.apple.product-type.bundle.unit-test";
		};
		A432D4C3240AB0BD0008531B /* HelloWorldUITests */ = {
			isa = PBXNativeTarget;
			buildConfigurationList = A432D4D3240AB0BD0008531B /* Build configuration list for PBXNativeTarget "HelloWorldUITests" */;
			buildPhases = (
				A432D4C0240AB0BD0008531B /* Sources */,
				A432D4C1240AB0BD0008531B /* Frameworks */,
				A432D4C2240AB0BD0008531B /* Resources */,
			);
			buildRules = (
			);
			dependencies = (
				A432D4C6240AB0BD0008531B /* PBXTargetDependency */,
			);
			name = HelloWorldUITests;
			productName = HelloWorldUITests;
			productReference = A432D4C4240AB0BD0008531B /* HelloWorldUITests.xctest */;
			productType = "com.apple.product-type.bundle.ui-testing";
		};
/* End PBXNativeTarget section */

/* Begin PBXProject section */
		A432D49B240AB0B50008531B /* Project object */ = {
			isa = PBXProject;
			attributes = {
				LastSwiftUpdateCheck = 1130;
				LastUpgradeCheck = 1130;
				ORGANIZATIONNAME = "gowtham kanumuru";
				TargetAttributes = {
					A432D4A2240AB0B50008531B = {
						CreatedOnToolsVersion = 11.3.1;
					};
					A432D4B8240AB0BD0008531B = {
						CreatedOnToolsVersion = 11.3.1;
						TestTargetID = A432D4A2240AB0B50008531B;
					};
					A432D4C3240AB0BD0008531B = {
						CreatedOnToolsVersion = 11.3.1;
						TestTargetID = A432D4A2240AB0B50008531B;
					};
				};
			};
			buildConfigurationList = A432D49E240AB0B50008531B /* Build configuration list for PBXProject "HelloWorld" */;
			compatibilityVersion = "Xcode 9.3";
			developmentRegion = en;
			hasScannedForEncodings = 0;
			knownRegions = (
				en,
				Base,
			);
			mainGroup = A432D49A240AB0B50008531B;
			productRefGroup = A432D4A4240AB0B50008531B /* Products */;
			projectDirPath = "";
			projectRoot = "";
			targets = (
				A432D4A2240AB0B50008531B /* HelloWorld */,
				A432D4B8240AB0BD0008531B /* HelloWorldTests */,
				A432D4C3240AB0BD0008531B /* HelloWorldUITests */,
			);
		};
/* End PBXProject section */

/* Begin PBXResourcesBuildPhase section */
		A432D4A1240AB0B50008531B /* Resources */ = {
			isa = PBXResourcesBuildPhase;
			buildActionMask = 2147483647;
			files = (
				A432D4B3240AB0BD0008531B /* LaunchScreen.storyboard in Resources */,
				A432D4B0240AB0BD0008531B /* Assets.xcassets in Resources */,
				A432D4AE240AB0B60008531B /* Main.storyboard in Resources */,
			);
			runOnlyForDeploymentPostprocessing = 0;
		};
		A432D4B7240AB0BD0008531B /* Resources */ = {
			isa = PBXResourcesBuildPhase;
			buildActionMask = 2147483647;
			files = (
			);
			runOnlyForDeploymentPostprocessing = 0;
		};
		A432D4C2240AB0BD0008531B /* Resources */ = {
			isa = PBXResourcesBuildPhase;
			buildActionMask = 2147483647;
			files = (
			);
			runOnlyForDeploymentPostprocessing = 0;
		};
/* End PBXResourcesBuildPhase section */

/* Begin PBXSourcesBuildPhase section */
		A432D49F240AB0B50008531B /* Sources */ = {
			isa = PBXSourcesBuildPhase;
			buildActionMask = 2147483647;
			files = (
				A432D4AB240AB0B60008531B /* ViewController.swift in Sources */,
				A432D4A7240AB0B60008531B /* AppDelegate.swift in Sources */,
				A432D4A9240AB0B60008531B /* SceneDelegate.swift in Sources */,
			);
			runOnlyForDeploymentPostprocessing = 0;
		};
		A432D4B5240AB0BD0008531B /* Sources */ = {
			isa = PBXSourcesBuildPhase;
			buildActionMask = 2147483647;
			files = (
				A432D4BE240AB0BD0008531B /* HelloWorldTests.swift in Sources */,
			);
			runOnlyForDeploymentPostprocessing = 0;
		};
		A432D4C0240AB0BD0008531B /* Sources */ = {
			isa = PBXSourcesBuildPhase;
			buildActionMask = 2147483647;
			files = (
				A432D4C9240AB0BD0008531B /* HelloWorldUITests.swift in Sources */,
			);
			runOnlyForDeploymentPostprocessing = 0;
		};
/* End PBXSourcesBuildPhase section */

/* Begin PBXTargetDependency section */
		A432D4BB240AB0BD0008531B /* PBXTargetDependency */ = {
			isa = PBXTargetDependency;
			target = A432D4A2240AB0B50008531B /* HelloWorld */;
			targetProxy = A432D4BA240AB0BD0008531B /* PBXContainerItemProxy */;
		};
		A432D4C6240AB0BD0008531B /* PBXTargetDependency */ = {
			isa = PBXTargetDependency;
			target = A432D4A2240AB0B50008531B /* HelloWorld */;
			targetProxy = A432D4C5240AB0BD0008531B /* PBXContainerItemProxy */;
		};
/* End PBXTargetDependency section */

/* Begin PBXVariantGroup section */
		A432D4AC240AB0B60008531B /* Main.storyboard */ = {
			isa = PBXVariantGroup;
			children = (
				A432D4AD240AB0B60008531B /* Base */,
			);
			name = Main.storyboard;
			sourceTree = "<group>";
		};
		A432D4B1240AB0BD0008531B /* LaunchScreen.storyboard */ = {
			isa = PBXVariantGroup;
			children = (
				A432D4B2240AB0BD0008531B /* Base */,
			);
			name = LaunchScreen.storyboard;
			sourceTree = "<group>";
		};
/* End PBXVariantGroup section */

/* Begin XCBuildConfiguration section */
		A432D4CB240AB0BD0008531B /* Debug */ = {
			isa = XCBuildConfiguration;
			buildSettings = {
				ALWAYS_SEARCH_USER_PATHS = NO;
				CLANG_ANALYZER_NONNULL = YES;
				CLANG_ANALYZER_NUMBER_OBJECT_CONVERSION = YES_AGGRESSIVE;
				CLANG_CXX_LANGUAGE_STANDARD = "gnu++14";
				CLANG_CXX_LIBRARY = "libc++";
				CLANG_ENABLE_MODULES = YES;
				CLANG_ENABLE_OBJC_ARC = YES;
				CLANG_ENABLE_OBJC_WEAK = YES;
				CLANG_WARN_BLOCK_CAPTURE_AUTORELEASING = YES;
				CLANG_WARN_BOOL_CONVERSION = YES;
				CLANG_WARN_COMMA = YES;
				CLANG_WARN_CONSTANT_CONVERSION = YES;
				CLANG_WARN_DEPRECATED_OBJC_IMPLEMENTATIONS = YES;
				CLANG_WARN_DIRECT_OBJC_ISA_USAGE = YES_ERROR;
				CLANG_WARN_DOCUMENTATION_COMMENTS = YES;
				CLANG_WARN_EMPTY_BODY = YES;
				CLANG_WARN_ENUM_CONVERSION = YES;
				CLANG_WARN_INFINITE_RECURSION = YES;
				CLANG_WARN_INT_CONVERSION = YES;
				CLANG_WARN_NON_LITERAL_NULL_CONVERSION = YES;
				CLANG_WARN_OBJC_IMPLICIT_RETAIN_SELF = YES;
				CLANG_WARN_OBJC_LITERAL_CONVERSION = YES;
				CLANG_WARN_OBJC_ROOT_CLASS = YES_ERROR;
				CLANG_WARN_RANGE_LOOP_ANALYSIS = YES;
				CLANG_WARN_STRICT_PROTOTYPES = YES;
				CLANG_WARN_SUSPICIOUS_MOVE = YES;
				CLANG_WARN_UNGUARDED_AVAILABILITY = YES_AGGRESSIVE;
				CLANG_WARN_UNREACHABLE_CODE = YES;
				CLANG_WARN__DUPLICATE_METHOD_MATCH = YES;
				COPY_PHASE_STRIP = NO;
				DEBUG_INFORMATION_FORMAT = dwarf;
				ENABLE_STRICT_OBJC_MSGSEND = YES;
				ENABLE_TESTABILITY = YES;
				GCC_C_LANGUAGE_STANDARD = gnu11;
				GCC_DYNAMIC_NO_PIC = NO;
				GCC_NO_COMMON_BLOCKS = YES;
				GCC_OPTIMIZATION_LEVEL = 0;
				GCC_PREPROCESSOR_DEFINITIONS = (
					"DEBUG=1",
					"$(inherited)",
				);
				GCC_WARN_64_TO_32_BIT_CONVERSION = YES;
				GCC_WARN_ABOUT_RETURN_TYPE = YES_ERROR;
				GCC_WARN_UNDECLARED_SELECTOR = YES;
				GCC_WARN_UNINITIALIZED_AUTOS = YES_AGGRESSIVE;
				GCC_WARN_UNUSED_FUNCTION = YES;
				GCC_WARN_UNUSED_VARIABLE = YES;
				IPHONEOS_DEPLOYMENT_TARGET = 13.2;
				MTL_ENABLE_DEBUG_INFO = INCLUDE_SOURCE;
				MTL_FAST_MATH = YES;
				ONLY_ACTIVE_ARCH = YES;
				SDKROOT = iphoneos;
				SWIFT_ACTIVE_COMPILATION_CONDITIONS = DEBUG;
				SWIFT_OPTIMIZATION_LEVEL = "-Onone";
			};
			name = Debug;
		};
		A432D4CC240AB0BD0008531B /* Release */ = {
			isa = XCBuildConfiguration;
			buildSettings = {
				ALWAYS_SEARCH_USER_PATHS = NO;
				CLANG_ANALYZER_NONNULL = YES;
				CLANG_ANALYZER_NUMBER_OBJECT_CONVERSION = YES_AGGRESSIVE;
				CLANG_CXX_LANGUAGE_STANDARD = "gnu++14";
				CLANG_CXX_LIBRARY = "libc++";
				CLANG_ENABLE_MODULES = YES;
				CLANG_ENABLE_OBJC_ARC = YES;
				CLANG_ENABLE_OBJC_WEAK = YES;
				CLANG_WARN_BLOCK_CAPTURE_AUTORELEASING = YES;
				CLANG_WARN_BOOL_CONVERSION = YES;
				CLANG_WARN_COMMA = YES;
				CLANG_WARN_CONSTANT_CONVERSION = YES;
				CLANG_WARN_DEPRECATED_OBJC_IMPLEMENTATIONS = YES;
				CLANG_WARN_DIRECT_OBJC_ISA_USAGE = YES_ERROR;
				CLANG_WARN_DOCUMENTATION_COMMENTS = YES;
				CLANG_WARN_EMPTY_BODY = YES;
				CLANG_WARN_ENUM_CONVERSION = YES;
				CLANG_WARN_INFINITE_RECURSION = YES;
				CLANG_WARN_INT_CONVERSION = YES;
				CLANG_WARN_NON_LITERAL_NULL_CONVERSION = YES;
				CLANG_WARN_OBJC_IMPLICIT_RETAIN_SELF = YES;
				CLANG_WARN_OBJC_LITERAL_CONVERSION = YES;
				CLANG_WARN_OBJC_ROOT_CLASS = YES_ERROR;
				CLANG_WARN_RANGE_LOOP_ANALYSIS = YES;
				CLANG_WARN_STRICT_PROTOTYPES = YES;
				CLANG_WARN_SUSPICIOUS_MOVE = YES;
				CLANG_WARN_UNGUARDED_AVAILABILITY = YES_AGGRESSIVE;
				CLANG_WARN_UNREACHABLE_CODE = YES;
				CLANG_WARN__DUPLICATE_METHOD_MATCH = YES;
				COPY_PHASE_STRIP = NO;
				DEBUG_INFORMATION_FORMAT = "dwarf-with-dsym";
				ENABLE_NS_ASSERTIONS = NO;
				ENABLE_STRICT_OBJC_MSGSEND = YES;
				GCC_C_LANGUAGE_STANDARD = gnu11;
				GCC_NO_COMMON_BLOCKS = YES;
				GCC_WARN_64_TO_32_BIT_CONVERSION = YES;
				GCC_WARN_ABOUT_RETURN_TYPE = YES_ERROR;
				GCC_WARN_UNDECLARED_SELECTOR = YES;
				GCC_WARN_UNINITIALIZED_AUTOS = YES_AGGRESSIVE;
				GCC_WARN_UNUSED_FUNCTION = YES;
				GCC_WARN_UNUSED_VARIABLE = YES;
				IPHONEOS_DEPLOYMENT_TARGET = 13.2;
				MTL_ENABLE_DEBUG_INFO = NO;
				MTL_FAST_MATH = YES;
				SDKROOT = iphoneos;
				SWIFT_COMPILATION_MODE = wholemodule;
				SWIFT_OPTIMIZATION_LEVEL = "-O";
				VALIDATE_PRODUCT = YES;
			};
			name = Release;
		};
		A432D4CE240AB0BD0008531B /* Debug */ = {
			isa = XCBuildConfiguration;
			buildSettings = {
				ASSETCATALOG_COMPILER_APPICON_NAME = AppIcon;
				CODE_SIGN_STYLE = Automatic;
				DEVELOPMENT_TEAM = 9XXJ4VKSAM;
				INFOPLIST_FILE = HelloWorld/Info.plist;
				LD_RUNPATH_SEARCH_PATHS = (
					"$(inherited)",
					"@executable_path/Frameworks",
				);
				PRODUCT_BUNDLE_IDENTIFIER = com.mcda5550.HelloWorld;
				PRODUCT_NAME = "$(TARGET_NAME)";
				SWIFT_VERSION = 5.0;
				TARGETED_DEVICE_FAMILY = "1,2";
			};
			name = Debug;
		};
		A432D4CF240AB0BD0008531B /* Release */ = {
			isa = XCBuildConfiguration;
			buildSettings = {
				ASSETCATALOG_COMPILER_APPICON_NAME = AppIcon;
				CODE_SIGN_STYLE = Automatic;
				DEVELOPMENT_TEAM = 9XXJ4VKSAM;
				INFOPLIST_FILE = HelloWorld/Info.plist;
				LD_RUNPATH_SEARCH_PATHS = (
					"$(inherited)",
					"@executable_path/Frameworks",
				);
				PRODUCT_BUNDLE_IDENTIFIER = com.mcda5550.HelloWorld;
				PRODUCT_NAME = "$(TARGET_NAME)";
				SWIFT_VERSION = 5.0;
				TARGETED_DEVICE_FAMILY = "1,2";
			};
			name = Release;
		};
		A432D4D1240AB0BD0008531B /* Debug */ = {
			isa = XCBuildConfiguration;
			buildSettings = {
				ALWAYS_EMBED_SWIFT_STANDARD_LIBRARIES = YES;
				BUNDLE_LOADER = "$(TEST_HOST)";
				CODE_SIGN_STYLE = Automatic;
				DEVELOPMENT_TEAM = 9XXJ4VKSAM;
				INFOPLIST_FILE = HelloWorldTests/Info.plist;
				IPHONEOS_DEPLOYMENT_TARGET = 13.2;
				LD_RUNPATH_SEARCH_PATHS = (
					"$(inherited)",
					"@executable_path/Frameworks",
					"@loader_path/Frameworks",
				);
				PRODUCT_BUNDLE_IDENTIFIER = com.mcda5550.HelloWorldTests;
				PRODUCT_NAME = "$(TARGET_NAME)";
				SWIFT_VERSION = 5.0;
				TARGETED_DEVICE_FAMILY = "1,2";
				TEST_HOST = "$(BUILT_PRODUCTS_DIR)/HelloWorld.app/HelloWorld";
			};
			name = Debug;
		};
		A432D4D2240AB0BD0008531B /* Release */ = {
			isa = XCBuildConfiguration;
			buildSettings = {
				ALWAYS_EMBED_SWIFT_STANDARD_LIBRARIES = YES;
				BUNDLE_LOADER = "$(TEST_HOST)";
				CODE_SIGN_STYLE = Automatic;
				DEVELOPMENT_TEAM = 9XXJ4VKSAM;
				INFOPLIST_FILE = HelloWorldTests/Info.plist;
				IPHONEOS_DEPLOYMENT_TARGET = 13.2;
				LD_RUNPATH_SEARCH_PATHS = (
					"$(inherited)",
					"@executable_path/Frameworks",
					"@loader_path/Frameworks",
				);
				PRODUCT_BUNDLE_IDENTIFIER = com.mcda5550.HelloWorldTests;
				PRODUCT_NAME = "$(TARGET_NAME)";
				SWIFT_VERSION = 5.0;
				TARGETED_DEVICE_FAMILY = "1,2";
				TEST_HOST = "$(BUILT_PRODUCTS_DIR)/HelloWorld.app/HelloWorld";
			};
			name = Release;
		};
		A432D4D4240AB0BD0008531B /* Debug */ = {
			isa = XCBuildConfiguration;
			buildSettings = {
				ALWAYS_EMBED_SWIFT_STANDARD_LIBRARIES = YES;
				CODE_SIGN_STYLE = Automatic;
				DEVELOPMENT_TEAM = 9XXJ4VKSAM;
				INFOPLIST_FILE = HelloWorldUITests/Info.plist;
				LD_RUNPATH_SEARCH_PATHS = (
					"$(inherited)",
					"@executable_path/Frameworks",
					"@loader_path/Frameworks",
				);
				PRODUCT_BUNDLE_IDENTIFIER = com.mcda5550.HelloWorldUITests;
				PRODUCT_NAME = "$(TARGET_NAME)";
				SWIFT_VERSION = 5.0;
				TARGETED_DEVICE_FAMILY = "1,2";
				TEST_TARGET_NAME = HelloWorld;
			};
			name = Debug;
		};
		A432D4D5240AB0BD0008531B /* Release */ = {
			isa = XCBuildConfiguration;
			buildSettings = {
				ALWAYS_EMBED_SWIFT_STANDARD_LIBRARIES = YES;
				CODE_SIGN_STYLE = Automatic;
				DEVELOPMENT_TEAM = 9XXJ4VKSAM;
				INFOPLIST_FILE = HelloWorldUITests/Info.plist;
				LD_RUNPATH_SEARCH_PATHS = (
					"$(inherited)",
					"@executable_path/Frameworks",
					"@loader_path/Frameworks",
				);
				PRODUCT_BUNDLE_IDENTIFIER = com.mcda5550.HelloWorldUITests;
				PRODUCT_NAME = "$(TARGET_NAME)";
				SWIFT_VERSION = 5.0;
				TARGETED_DEVICE_FAMILY = "1,2";
				TEST_TARGET_NAME = HelloWorld;
			};
			name = Release;
		};
/* End XCBuildConfiguration section */

/* Begin XCConfigurationList section */
		A432D49E240AB0B50008531B /* Build configuration list for PBXProject "HelloWorld" */ = {
			isa = XCConfigurationList;
			buildConfigurations = (
				A432D4CB240AB0BD0008531B /* Debug */,
				A432D4CC240AB0BD0008531B /* Release */,
			);
			defaultConfigurationIsVisible = 0;
			defaultConfigurationName = Release;
		};
		A432D4CD240AB0BD0008531B /* Build configuration list for PBXNativeTarget "HelloWorld" */ = {
			isa = XCConfigurationList;
			buildConfigurations = (
				A432D4CE240AB0BD0008531B /* Debug */,
				A432D4CF240AB0BD0008531B /* Release */,
			);
			defaultConfigurationIsVisible = 0;
			defaultConfigurationName = Release;
		};
		A432D4D0240AB0BD0008531B /* Build configuration list for PBXNativeTarget "HelloWorldTests" */ = {
			isa = XCConfigurationList;
			buildConfigurations = (
				A432D4D1240AB0BD0008531B /* Debug */,
				A432D4D2240AB0BD0008531B /* Release */,
			);
			defaultConfigurationIsVisible = 0;
			defaultConfigurationName = Release;
		};
		A432D4D3240AB0BD0008531B /* Build configuration list for PBXNativeTarget "HelloWorldUITests" */ = {
			isa = XCConfigurationList;
			buildConfigurations = (
				A432D4D4240AB0BD0008531B /* Debug */,
				A432D4D5240AB0BD0008531B /* Release */,
			);
			defaultConfigurationIsVisible = 0;
			defaultConfigurationName = Release;
		};
/* End XCConfigurationList section */
	};
	rootObject = A432D49B240AB0B50008531B /* Project object */;
}
